<?xml version="1.0" encoding="utf-8"?>
<Project ToolsVersion="4.0" xmlns="http://schemas.microsoft.com/developer/msbuild/2003">
  <ItemGroup>
    <Filter Include="Исходные файлы">
      <UniqueIdentifier>{4FC737F1-C7A5-4376-A066-2A32D752A2FF}</UniqueIdentifier>
      <Extensions>cpp;c;cc;cxx;c++;def;odl;idl;hpj;bat;asm;asmx</Extensions>
    </Filter>
    <Filter Include="Файлы заголовков">
      <UniqueIdentifier>{93995380-89BD-4b04-88EB-625FBE52EBFB}</UniqueIdentifier>
      <Extensions>h;hh;hpp;hxx;h++;hm;inl;inc;ipp;xsd</Extensions>
    </Filter>
    <Filter Include="Файлы ресурсов">
      <UniqueIdentifier>{67DA6AB6-F800-4c08-8B7A-83BB121AAD01}</UniqueIdentifier>
      <Extensions>rc;ico;cur;bmp;dlg;rc2;rct;bin;rgs;gif;jpg;jpeg;jpe;resx;tiff;tif;png;wav;mfcribbon-ms</Extensions>
    </Filter>
  </ItemGroup>
  <ItemGroup>
    <ClCompile Include="MathGraph.cpp">
      <Filter>Исходные файлы</Filter>
    </ClCompile>
    <ClCompile Include="Shader.cpp">
      <Filter>Исходные файлы</Filter>
    </ClCompile>
    <ClCompile Include="Texture.cpp">
      <Filter>Исходные файлы</Filter>
    </ClCompile>
    <ClCompile Include="SimpleModel.cpp">
      <Filter>Исходные файлы</Filter>
    </ClCompile>
    <ClCompile Include="Camera.cpp">
      <Filter>Исходные файлы</Filter>
    </ClCompile>
    <ClCompile Include="VBOMesh.cpp">
      <Filter>Исходные файлы</Filter>
    </ClCompile>
    <ClCompile Include="BMPReader.cpp">
      <Filter>Исходные файлы</Filter>
    </ClCompile>
  </ItemGroup>
  <ItemGroup>
    <None Include="packages.config" />
    <None Include="p1.frag">
      <Filter>Исходные файлы</Filter>
    </None>
    <None Include="lamp.frag">
      <Filter>Исходные файлы</Filter>
    </None>
    <None Include="skybox.ver">
      <Filter>Исходные файлы</Filter>
    </None>
    <None Include="skybox.frag">
      <Filter>Исходные файлы</Filter>
    </None>
    <None Include="shadow_map.frag">
      <Filter>Исходные файлы</Filter>
    </None>
    <None Include="shadow_map.ver">
      <Filter>Исходные файлы</Filter>
    </None>
    <None Include="shadow_map.geo">
      <Filter>Исходные файлы</Filter>
    </None>
    <None Include="lamp.ver">
      <Filter>Исходные файлы</Filter>
    </None>
    <None Include="norm_map.ver">
      <Filter>Исходные файлы</Filter>
    </None>
    <None Include="norm_map.frag">
      <Filter>Исходные файлы</Filter>
    </None>
    <None Include="reflect.ver">
      <Filter>Исходные файлы</Filter>
    </None>
    <None Include="reflect.frag">
      <Filter>Исходные файлы</Filter>
    </None>
    <None Include="refract.frag">
      <Filter>Исходные файлы</Filter>
    </None>
    <None Include="refract.ver">
      <Filter>Исходные файлы</Filter>
    </None>
  </ItemGroup>
  <ItemGroup>
    <Text Include="p1.ver">
      <Filter>Исходные файлы</Filter>
    </Text>
  </ItemGroup>
  <ItemGroup>
    <ClInclude Include="Shader.h">
      <Filter>Файлы заголовков</Filter>
    </ClInclude>
    <ClInclude Include="Texture.h">
      <Filter>Файлы заголовков</Filter>
    </ClInclude>
    <ClInclude Include="Camera.h">
      <Filter>Файлы заголовков</Filter>
    </ClInclude>
    <ClInclude Include="SimpleModel.h">
      <Filter>Файлы заголовков</Filter>
    </ClInclude>
    <ClInclude Include="stb_image.h">
      <Filter>Исходные файлы</Filter>
    </ClInclude>
    <ClInclude Include="random.h">
      <Filter>Исходные файлы</Filter>
    </ClInclude>
    <ClInclude Include="VBOMesh.h">
      <Filter>Файлы заголовков</Filter>
    </ClInclude>
    <ClInclude Include="BMPReader.h">
      <Filter>Файлы заголовков</Filter>
    </ClInclude>
  </ItemGroup>
</Project>